// !$*UTF8*$!
{
	archiveVersion = 1;
	classes = {
	};
	objectVersion = 55;
	objects = {

/* Begin PBXBuildFile section */
		C40DA8BE28B661540081B1D1 /* ViewModels.swift in Sources */ = {isa = PBXBuildFile; fileRef = C40DA8BD28B661540081B1D1 /* ViewModels.swift */; };
		C40DA8C128B6630A0081B1D1 /* TitleCollectionViewCell.swift in Sources */ = {isa = PBXBuildFile; fileRef = C40DA8BF28B6630A0081B1D1 /* TitleCollectionViewCell.swift */; };
		C40DA8C528B6665D0081B1D1 /* HeroHeaderUIView.swift in Sources */ = {isa = PBXBuildFile; fileRef = C40DA8C428B6665D0081B1D1 /* HeroHeaderUIView.swift */; };
		C40DA8C928B66CDC0081B1D1 /* Extension+UIView.swift in Sources */ = {isa = PBXBuildFile; fileRef = C40DA8C828B66CDC0081B1D1 /* Extension+UIView.swift */; };
		C42D5EFB28B5C329007BF2D0 /* HomeViewController.swift in Sources */ = {isa = PBXBuildFile; fileRef = C42D5EF928B5C329007BF2D0 /* HomeViewController.swift */; };
		C42D5F0028B5C511007BF2D0 /* UpcomingViewController.swift in Sources */ = {isa = PBXBuildFile; fileRef = C42D5EFE28B5C511007BF2D0 /* UpcomingViewController.swift */; };
		C42D5F0728B5C53F007BF2D0 /* SearchViewController.swift in Sources */ = {isa = PBXBuildFile; fileRef = C42D5F0528B5C53F007BF2D0 /* SearchViewController.swift */; };
		C42D5F0B28B5C54F007BF2D0 /* DownloadsViewController.swift in Sources */ = {isa = PBXBuildFile; fileRef = C42D5F0928B5C54F007BF2D0 /* DownloadsViewController.swift */; };
		C42D5F1328B5EE97007BF2D0 /* CollectionViewTableViewCell.swift in Sources */ = {isa = PBXBuildFile; fileRef = C42D5F1128B5EE97007BF2D0 /* CollectionViewTableViewCell.swift */; };
		C42D5F1728B5F021007BF2D0 /* EnumList.swift in Sources */ = {isa = PBXBuildFile; fileRef = C42D5F1628B5F021007BF2D0 /* EnumList.swift */; };
		C4A2FE0628B7DC17008BEA63 /* LaunchScreen.storyboard in Resources */ = {isa = PBXBuildFile; fileRef = C4C6F8A628AFD9420084A7E0 /* LaunchScreen.storyboard */; };
		C4A2FE0728B7DC1B008BEA63 /* Main.storyboard in Resources */ = {isa = PBXBuildFile; fileRef = C4C6F89E28AFD93F0084A7E0 /* Main.storyboard */; };
		C4A2FE0828B7DC1E008BEA63 /* DownloadsViewController.xib in Resources */ = {isa = PBXBuildFile; fileRef = C42D5F0A28B5C54F007BF2D0 /* DownloadsViewController.xib */; };
		C4A2FE0928B7DC22008BEA63 /* SearchViewController.xib in Resources */ = {isa = PBXBuildFile; fileRef = C42D5F0628B5C53F007BF2D0 /* SearchViewController.xib */; };
		C4A2FE0A28B7DC25008BEA63 /* UpcomingViewController.xib in Resources */ = {isa = PBXBuildFile; fileRef = C42D5EFF28B5C511007BF2D0 /* UpcomingViewController.xib */; };
		C4A2FE0B28B7DC29008BEA63 /* HomeViewController.xib in Resources */ = {isa = PBXBuildFile; fileRef = C42D5EFA28B5C329007BF2D0 /* HomeViewController.xib */; };
		C4A2FE0C28B7DC2E008BEA63 /* TitleCollectionViewCell.xib in Resources */ = {isa = PBXBuildFile; fileRef = C40DA8C028B6630A0081B1D1 /* TitleCollectionViewCell.xib */; };
		C4A2FE0D28B7DC31008BEA63 /* CollectionViewTableViewCell.xib in Resources */ = {isa = PBXBuildFile; fileRef = C42D5F1228B5EE97007BF2D0 /* CollectionViewTableViewCell.xib */; };
		C4A2FE0E28B7DC35008BEA63 /* HeroHeaderUIView.xib in Resources */ = {isa = PBXBuildFile; fileRef = C40DA8C628B666700081B1D1 /* HeroHeaderUIView.xib */; };
		C4A53AFC28BE3F7F0019ABEF /* NetflixMVVM.xcdatamodeld in Sources */ = {isa = PBXBuildFile; fileRef = C4A53AFA28BE3F7F0019ABEF /* NetflixMVVM.xcdatamodeld */; };
		C4A53AFF28BE40200019ABEF /* TItleItem+CoreDataClass.swift in Sources */ = {isa = PBXBuildFile; fileRef = C4A53AFD28BE40200019ABEF /* TItleItem+CoreDataClass.swift */; };
		C4A53B0028BE40200019ABEF /* TItleItem+CoreDataProperties.swift in Sources */ = {isa = PBXBuildFile; fileRef = C4A53AFE28BE40200019ABEF /* TItleItem+CoreDataProperties.swift */; };
		C4C6F89928AFD93F0084A7E0 /* AppDelegate.swift in Sources */ = {isa = PBXBuildFile; fileRef = C4C6F89828AFD93F0084A7E0 /* AppDelegate.swift */; };
		C4C6F89B28AFD93F0084A7E0 /* SceneDelegate.swift in Sources */ = {isa = PBXBuildFile; fileRef = C4C6F89A28AFD93F0084A7E0 /* SceneDelegate.swift */; };
		C4C6F89D28AFD93F0084A7E0 /* ViewController.swift in Sources */ = {isa = PBXBuildFile; fileRef = C4C6F89C28AFD93F0084A7E0 /* ViewController.swift */; };
		C4CA93CC28B736D200428227 /* SDWebImage in Frameworks */ = {isa = PBXBuildFile; productRef = C4CA93CB28B736D200428227 /* SDWebImage */; };
		C4CA93CE28B736D200428227 /* SDWebImageMapKit in Frameworks */ = {isa = PBXBuildFile; productRef = C4CA93CD28B736D200428227 /* SDWebImageMapKit */; };
		C4CA93D028B7374500428227 /* Models.swift in Sources */ = {isa = PBXBuildFile; fileRef = C4CA93CF28B7374500428227 /* Models.swift */; };
		C4CA93D528B7385E00428227 /* APICaller.swift in Sources */ = {isa = PBXBuildFile; fileRef = C4CA93D428B7385E00428227 /* APICaller.swift */; };
		C4CA93D728B7539700428227 /* Title.swift in Sources */ = {isa = PBXBuildFile; fileRef = C4CA93D628B7539700428227 /* Title.swift */; };
		C4CA93D928B753F100428227 /* YoutubeSearchResponse.swift in Sources */ = {isa = PBXBuildFile; fileRef = C4CA93D828B753F100428227 /* YoutubeSearchResponse.swift */; };
		C4CBDEA628B8F5D200D008D9 /* DatePersistenceManager.swift in Sources */ = {isa = PBXBuildFile; fileRef = C4CBDEA528B8F5D200D008D9 /* DatePersistenceManager.swift */; };
		C4CBDEA828B9008900D008D9 /* TitleCollectionViewCell.swift in Sources */ = {isa = PBXBuildFile; fileRef = C4CBDEA728B9008900D008D9 /* TitleCollectionViewCell.swift */; };
		C4CBDEAB28B9018700D008D9 /* SearchResultsViewController.swift in Sources */ = {isa = PBXBuildFile; fileRef = C4CBDEAA28B9018700D008D9 /* SearchResultsViewController.swift */; };
		C4CBDEAD28B901B400D008D9 /* TitlePreviewViewController.swift in Sources */ = {isa = PBXBuildFile; fileRef = C4CBDEAC28B901B400D008D9 /* TitlePreviewViewController.swift */; };
		C4CBDEB028B9025B00D008D9 /* TitlePreViewModel.swift in Sources */ = {isa = PBXBuildFile; fileRef = C4CBDEAF28B9025B00D008D9 /* TitlePreViewModel.swift */; };
		C4D0D89528B3369C0098CDDE /* MainTabBarViewController.swift in Sources */ = {isa = PBXBuildFile; fileRef = C4D0D89428B3369C0098CDDE /* MainTabBarViewController.swift */; };
		C4D6520828B7B190005AE0E9 /* TitleTableViewCell.swift in Sources */ = {isa = PBXBuildFile; fileRef = C4D6520728B7B190005AE0E9 /* TitleTableViewCell.swift */; };
/* End PBXBuildFile section */

/* Begin PBXFileReference section */
		C40DA8BD28B661540081B1D1 /* ViewModels.swift */ = {isa = PBXFileReference; lastKnownFileType = sourcecode.swift; path = ViewModels.swift; sourceTree = "<group>"; };
		C40DA8BF28B6630A0081B1D1 /* TitleCollectionViewCell.swift */ = {isa = PBXFileReference; lastKnownFileType = sourcecode.swift; path = TitleCollectionViewCell.swift; sourceTree = "<group>"; };
		C40DA8C028B6630A0081B1D1 /* TitleCollectionViewCell.xib */ = {isa = PBXFileReference; lastKnownFileType = file.xib; path = TitleCollectionViewCell.xib; sourceTree = "<group>"; };
		C40DA8C428B6665D0081B1D1 /* HeroHeaderUIView.swift */ = {isa = PBXFileReference; lastKnownFileType = sourcecode.swift; path = HeroHeaderUIView.swift; sourceTree = "<group>"; };
		C40DA8C628B666700081B1D1 /* HeroHeaderUIView.xib */ = {isa = PBXFileReference; lastKnownFileType = file.xib; path = HeroHeaderUIView.xib; sourceTree = "<group>"; };
		C40DA8C828B66CDC0081B1D1 /* Extension+UIView.swift */ = {isa = PBXFileReference; lastKnownFileType = sourcecode.swift; path = "Extension+UIView.swift"; sourceTree = "<group>"; };
		C42D5EF928B5C329007BF2D0 /* HomeViewController.swift */ = {isa = PBXFileReference; lastKnownFileType = sourcecode.swift; path = HomeViewController.swift; sourceTree = "<group>"; };
		C42D5EFA28B5C329007BF2D0 /* HomeViewController.xib */ = {isa = PBXFileReference; lastKnownFileType = file.xib; path = HomeViewController.xib; sourceTree = "<group>"; };
		C42D5EFE28B5C511007BF2D0 /* UpcomingViewController.swift */ = {isa = PBXFileReference; lastKnownFileType = sourcecode.swift; path = UpcomingViewController.swift; sourceTree = "<group>"; };
		C42D5EFF28B5C511007BF2D0 /* UpcomingViewController.xib */ = {isa = PBXFileReference; lastKnownFileType = file.xib; path = UpcomingViewController.xib; sourceTree = "<group>"; };
		C42D5F0528B5C53F007BF2D0 /* SearchViewController.swift */ = {isa = PBXFileReference; lastKnownFileType = sourcecode.swift; path = SearchViewController.swift; sourceTree = "<group>"; };
		C42D5F0628B5C53F007BF2D0 /* SearchViewController.xib */ = {isa = PBXFileReference; lastKnownFileType = file.xib; path = SearchViewController.xib; sourceTree = "<group>"; };
		C42D5F0928B5C54F007BF2D0 /* DownloadsViewController.swift */ = {isa = PBXFileReference; lastKnownFileType = sourcecode.swift; path = DownloadsViewController.swift; sourceTree = "<group>"; };
		C42D5F0A28B5C54F007BF2D0 /* DownloadsViewController.xib */ = {isa = PBXFileReference; lastKnownFileType = file.xib; path = DownloadsViewController.xib; sourceTree = "<group>"; };
		C42D5F1128B5EE97007BF2D0 /* CollectionViewTableViewCell.swift */ = {isa = PBXFileReference; lastKnownFileType = sourcecode.swift; path = CollectionViewTableViewCell.swift; sourceTree = "<group>"; };
		C42D5F1228B5EE97007BF2D0 /* CollectionViewTableViewCell.xib */ = {isa = PBXFileReference; lastKnownFileType = file.xib; path = CollectionViewTableViewCell.xib; sourceTree = "<group>"; };
		C42D5F1628B5F021007BF2D0 /* EnumList.swift */ = {isa = PBXFileReference; lastKnownFileType = sourcecode.swift; path = EnumList.swift; sourceTree = "<group>"; };
		C4A53AFB28BE3F7F0019ABEF /* NetflixMVVM.xcdatamodel */ = {isa = PBXFileReference; lastKnownFileType = wrapper.xcdatamodel; path = NetflixMVVM.xcdatamodel; sourceTree = "<group>"; };
		C4A53AFD28BE40200019ABEF /* TItleItem+CoreDataClass.swift */ = {isa = PBXFileReference; lastKnownFileType = sourcecode.swift; path = "TItleItem+CoreDataClass.swift"; sourceTree = "<group>"; };
		C4A53AFE28BE40200019ABEF /* TItleItem+CoreDataProperties.swift */ = {isa = PBXFileReference; lastKnownFileType = sourcecode.swift; path = "TItleItem+CoreDataProperties.swift"; sourceTree = "<group>"; };
		C4C6F89528AFD93F0084A7E0 /* NetflixMVVM.app */ = {isa = PBXFileReference; explicitFileType = wrapper.application; includeInIndex = 0; path = NetflixMVVM.app; sourceTree = BUILT_PRODUCTS_DIR; };
		C4C6F89828AFD93F0084A7E0 /* AppDelegate.swift */ = {isa = PBXFileReference; lastKnownFileType = sourcecode.swift; path = AppDelegate.swift; sourceTree = "<group>"; };
		C4C6F89A28AFD93F0084A7E0 /* SceneDelegate.swift */ = {isa = PBXFileReference; lastKnownFileType = sourcecode.swift; path = SceneDelegate.swift; sourceTree = "<group>"; };
		C4C6F89C28AFD93F0084A7E0 /* ViewController.swift */ = {isa = PBXFileReference; lastKnownFileType = sourcecode.swift; path = ViewController.swift; sourceTree = "<group>"; };
		C4C6F89F28AFD93F0084A7E0 /* Base */ = {isa = PBXFileReference; lastKnownFileType = file.storyboard; name = Base; path = Base.lproj/Main.storyboard; sourceTree = "<group>"; };
		C4C6F8A428AFD9420084A7E0 /* Assets.xcassets */ = {isa = PBXFileReference; lastKnownFileType = folder.assetcatalog; path = Assets.xcassets; sourceTree = "<group>"; };
		C4C6F8A728AFD9420084A7E0 /* Base */ = {isa = PBXFileReference; lastKnownFileType = file.storyboard; name = Base; path = Base.lproj/LaunchScreen.storyboard; sourceTree = "<group>"; };
		C4C6F8A928AFD9420084A7E0 /* Info.plist */ = {isa = PBXFileReference; lastKnownFileType = text.plist.xml; path = Info.plist; sourceTree = "<group>"; };
		C4CA93CF28B7374500428227 /* Models.swift */ = {isa = PBXFileReference; lastKnownFileType = sourcecode.swift; path = Models.swift; sourceTree = "<group>"; };
		C4CA93D428B7385E00428227 /* APICaller.swift */ = {isa = PBXFileReference; lastKnownFileType = sourcecode.swift; path = APICaller.swift; sourceTree = "<group>"; };
		C4CA93D628B7539700428227 /* Title.swift */ = {isa = PBXFileReference; lastKnownFileType = sourcecode.swift; path = Title.swift; sourceTree = "<group>"; };
		C4CA93D828B753F100428227 /* YoutubeSearchResponse.swift */ = {isa = PBXFileReference; lastKnownFileType = sourcecode.swift; path = YoutubeSearchResponse.swift; sourceTree = "<group>"; };
		C4CBDEA528B8F5D200D008D9 /* DatePersistenceManager.swift */ = {isa = PBXFileReference; lastKnownFileType = sourcecode.swift; path = DatePersistenceManager.swift; sourceTree = "<group>"; };
		C4CBDEA728B9008900D008D9 /* TitleCollectionViewCell.swift */ = {isa = PBXFileReference; lastKnownFileType = sourcecode.swift; path = TitleCollectionViewCell.swift; sourceTree = "<group>"; };
		C4CBDEAA28B9018700D008D9 /* SearchResultsViewController.swift */ = {isa = PBXFileReference; lastKnownFileType = sourcecode.swift; path = SearchResultsViewController.swift; sourceTree = "<group>"; };
		C4CBDEAC28B901B400D008D9 /* TitlePreviewViewController.swift */ = {isa = PBXFileReference; lastKnownFileType = sourcecode.swift; path = TitlePreviewViewController.swift; sourceTree = "<group>"; };
		C4CBDEAF28B9025B00D008D9 /* TitlePreViewModel.swift */ = {isa = PBXFileReference; lastKnownFileType = sourcecode.swift; path = TitlePreViewModel.swift; sourceTree = "<group>"; };
		C4D0D89428B3369C0098CDDE /* MainTabBarViewController.swift */ = {isa = PBXFileReference; lastKnownFileType = sourcecode.swift; path = MainTabBarViewController.swift; sourceTree = "<group>"; };
		C4D6520728B7B190005AE0E9 /* TitleTableViewCell.swift */ = {isa = PBXFileReference; lastKnownFileType = sourcecode.swift; path = TitleTableViewCell.swift; sourceTree = "<group>"; };
/* End PBXFileReference section */

/* Begin PBXFrameworksBuildPhase section */
		C4C6F89228AFD93F0084A7E0 /* Frameworks */ = {
			isa = PBXFrameworksBuildPhase;
			buildActionMask = 2147483647;
			files = (
				C4CA93CE28B736D200428227 /* SDWebImageMapKit in Frameworks */,
				C4CA93CC28B736D200428227 /* SDWebImage in Frameworks */,
			);
			runOnlyForDeploymentPostprocessing = 0;
		};
/* End PBXFrameworksBuildPhase section */

/* Begin PBXGroup section */
		C40DA8C328B666330081B1D1 /* View */ = {
			isa = PBXGroup;
			children = (
				C40DA8C428B6665D0081B1D1 /* HeroHeaderUIView.swift */,
				C40DA8C628B666700081B1D1 /* HeroHeaderUIView.xib */,
				C4D6520728B7B190005AE0E9 /* TitleTableViewCell.swift */,
				C4CBDEA728B9008900D008D9 /* TitleCollectionViewCell.swift */,
			);
			path = View;
			sourceTree = "<group>";
		};
		C42D5EF828B5C318007BF2D0 /* Home */ = {
			isa = PBXGroup;
			children = (
				C42D5F1028B5EE3F007BF2D0 /* Cell */,
				C42D5EF928B5C329007BF2D0 /* HomeViewController.swift */,
				C42D5EFA28B5C329007BF2D0 /* HomeViewController.xib */,
			);
			name = Home;
			path = ../Home;
			sourceTree = "<group>";
		};
		C42D5F0228B5C521007BF2D0 /* Search */ = {
			isa = PBXGroup;
			children = (
				C42D5F0528B5C53F007BF2D0 /* SearchViewController.swift */,
				C42D5F0628B5C53F007BF2D0 /* SearchViewController.xib */,
			);
			path = Search;
			sourceTree = "<group>";
		};
		C42D5F0D28B5C559007BF2D0 /* Downloads */ = {
			isa = PBXGroup;
			children = (
				C42D5F0928B5C54F007BF2D0 /* DownloadsViewController.swift */,
				C42D5F0A28B5C54F007BF2D0 /* DownloadsViewController.xib */,
			);
			path = Downloads;
			sourceTree = "<group>";
		};
		C42D5F1028B5EE3F007BF2D0 /* Cell */ = {
			isa = PBXGroup;
			children = (
				C42D5F1128B5EE97007BF2D0 /* CollectionViewTableViewCell.swift */,
				C42D5F1228B5EE97007BF2D0 /* CollectionViewTableViewCell.xib */,
				C40DA8BF28B6630A0081B1D1 /* TitleCollectionViewCell.swift */,
				C40DA8C028B6630A0081B1D1 /* TitleCollectionViewCell.xib */,
			);
			path = Cell;
			sourceTree = "<group>";
		};
		C42D5F1528B5EFFF007BF2D0 /* Utilt */ = {
			isa = PBXGroup;
			children = (
				C42D5F1628B5F021007BF2D0 /* EnumList.swift */,
				C40DA8C828B66CDC0081B1D1 /* Extension+UIView.swift */,
			);
			path = Utilt;
			sourceTree = "<group>";
		};
		C4C6F88C28AFD93F0084A7E0 = {
			isa = PBXGroup;
			children = (
				C4C6F89728AFD93F0084A7E0 /* NetflixMVVM */,
				C4C6F89628AFD93F0084A7E0 /* Products */,
			);
			sourceTree = "<group>";
		};
		C4C6F89628AFD93F0084A7E0 /* Products */ = {
			isa = PBXGroup;
			children = (
				C4C6F89528AFD93F0084A7E0 /* NetflixMVVM.app */,
			);
			name = Products;
			sourceTree = "<group>";
		};
		C4C6F89728AFD93F0084A7E0 /* NetflixMVVM */ = {
			isa = PBXGroup;
			children = (
				C4CA93D328B7381D00428227 /* Managers */,
				C4D0D89628B337110098CDDE /* Resources */,
				C4D0D89728B337350098CDDE /* Models */,
				C40DA8C328B666330081B1D1 /* View */,
				C4D0D89828B3373D0098CDDE /* ViewModels */,
				C4D6520628B7A214005AE0E9 /* Core */,
				C42D5F1528B5EFFF007BF2D0 /* Utilt */,
				C4D0D89328B336580098CDDE /* Views */,
				C4C6F89E28AFD93F0084A7E0 /* Main.storyboard */,
				C4C6F8A428AFD9420084A7E0 /* Assets.xcassets */,
				C4C6F8A628AFD9420084A7E0 /* LaunchScreen.storyboard */,
				C4C6F8A928AFD9420084A7E0 /* Info.plist */,
				C4A53AFA28BE3F7F0019ABEF /* NetflixMVVM.xcdatamodeld */,
			);
			path = NetflixMVVM;
			sourceTree = "<group>";
		};
		C4CA93D328B7381D00428227 /* Managers */ = {
			isa = PBXGroup;
			children = (
				C4CA93D428B7385E00428227 /* APICaller.swift */,
				C4CBDEA528B8F5D200D008D9 /* DatePersistenceManager.swift */,
			);
			path = Managers;
			sourceTree = "<group>";
		};
		C4CBDEA928B9015800D008D9 /* General */ = {
			isa = PBXGroup;
			children = (
				C4CBDEAA28B9018700D008D9 /* SearchResultsViewController.swift */,
				C4CBDEAC28B901B400D008D9 /* TitlePreviewViewController.swift */,
			);
			path = General;
			sourceTree = "<group>";
		};
		C4D0D89328B336580098CDDE /* Views */ = {
			isa = PBXGroup;
			children = (
				C4CBDEA928B9015800D008D9 /* General */,
				C42D5EF828B5C318007BF2D0 /* Home */,
				C4D0D89A28B337CF0098CDDE /* ComingSoon */,
				C42D5F0228B5C521007BF2D0 /* Search */,
				C42D5F0D28B5C559007BF2D0 /* Downloads */,
			);
			path = Views;
			sourceTree = "<group>";
		};
		C4D0D89628B337110098CDDE /* Resources */ = {
			isa = PBXGroup;
			children = (
				C4C6F89828AFD93F0084A7E0 /* AppDelegate.swift */,
				C4C6F89A28AFD93F0084A7E0 /* SceneDelegate.swift */,
			);
			path = Resources;
			sourceTree = "<group>";
		};
		C4D0D89728B337350098CDDE /* Models */ = {
			isa = PBXGroup;
			children = (
				C4A53AFD28BE40200019ABEF /* TItleItem+CoreDataClass.swift */,
				C4A53AFE28BE40200019ABEF /* TItleItem+CoreDataProperties.swift */,
				C4CA93CF28B7374500428227 /* Models.swift */,
				C4CA93D628B7539700428227 /* Title.swift */,
				C4CA93D828B753F100428227 /* YoutubeSearchResponse.swift */,
			);
			path = Models;
			sourceTree = "<group>";
		};
		C4D0D89828B3373D0098CDDE /* ViewModels */ = {
			isa = PBXGroup;
			children = (
				C40DA8BD28B661540081B1D1 /* ViewModels.swift */,
				C4CBDEAF28B9025B00D008D9 /* TitlePreViewModel.swift */,
			);
			path = ViewModels;
			sourceTree = "<group>";
		};
		C4D0D89A28B337CF0098CDDE /* ComingSoon */ = {
			isa = PBXGroup;
			children = (
				C42D5EFE28B5C511007BF2D0 /* UpcomingViewController.swift */,
				C42D5EFF28B5C511007BF2D0 /* UpcomingViewController.xib */,
			);
			path = ComingSoon;
			sourceTree = "<group>";
		};
		C4D6520628B7A214005AE0E9 /* Core */ = {
			isa = PBXGroup;
			children = (
				C4C6F89C28AFD93F0084A7E0 /* ViewController.swift */,
				C4D0D89428B3369C0098CDDE /* MainTabBarViewController.swift */,
			);
			path = Core;
			sourceTree = "<group>";
		};
/* End PBXGroup section */

/* Begin PBXNativeTarget section */
		C4C6F89428AFD93F0084A7E0 /* NetflixMVVM */ = {
			isa = PBXNativeTarget;
			buildConfigurationList = C4C6F8AC28AFD9420084A7E0 /* Build configuration list for PBXNativeTarget "NetflixMVVM" */;
			buildPhases = (
				C4C6F89128AFD93F0084A7E0 /* Sources */,
				C4C6F89228AFD93F0084A7E0 /* Frameworks */,
				C4C6F89328AFD93F0084A7E0 /* Resources */,
			);
			buildRules = (
			);
			dependencies = (
			);
			name = NetflixMVVM;
			packageProductDependencies = (
				C4CA93CB28B736D200428227 /* SDWebImage */,
				C4CA93CD28B736D200428227 /* SDWebImageMapKit */,
			);
			productName = NetflixMVVM;
			productReference = C4C6F89528AFD93F0084A7E0 /* NetflixMVVM.app */;
			productType = "com.apple.product-type.application";
		};
/* End PBXNativeTarget section */

/* Begin PBXProject section */
		C4C6F88D28AFD93F0084A7E0 /* Project object */ = {
			isa = PBXProject;
			attributes = {
				BuildIndependentTargetsInParallel = 1;
				LastSwiftUpdateCheck = 1310;
				LastUpgradeCheck = 1310;
				TargetAttributes = {
					C4C6F89428AFD93F0084A7E0 = {
						CreatedOnToolsVersion = 13.1;
					};
				};
			};
			buildConfigurationList = C4C6F89028AFD93F0084A7E0 /* Build configuration list for PBXProject "NetflixMVVM" */;
			compatibilityVersion = "Xcode 13.0";
			developmentRegion = en;
			hasScannedForEncodings = 0;
			knownRegions = (
				en,
				Base,
			);
			mainGroup = C4C6F88C28AFD93F0084A7E0;
			packageReferences = (
				C4CA93CA28B736D200428227 /* XCRemoteSwiftPackageReference "SDWebImage" */,
			);
			productRefGroup = C4C6F89628AFD93F0084A7E0 /* Products */;
			projectDirPath = "";
			projectRoot = "";
			targets = (
				C4C6F89428AFD93F0084A7E0 /* NetflixMVVM */,
			);
		};
/* End PBXProject section */

/* Begin PBXResourcesBuildPhase section */
		C4C6F89328AFD93F0084A7E0 /* Resources */ = {
			isa = PBXResourcesBuildPhase;
			buildActionMask = 2147483647;
			files = (
				C4A2FE0E28B7DC35008BEA63 /* HeroHeaderUIView.xib in Resources */,
				C4A2FE0828B7DC1E008BEA63 /* DownloadsViewController.xib in Resources */,
				C4A2FE0628B7DC17008BEA63 /* LaunchScreen.storyboard in Resources */,
				C4A2FE0D28B7DC31008BEA63 /* CollectionViewTableViewCell.xib in Resources */,
				C4A2FE0A28B7DC25008BEA63 /* UpcomingViewController.xib in Resources */,
				C4A2FE0928B7DC22008BEA63 /* SearchViewController.xib in Resources */,
				C4A2FE0728B7DC1B008BEA63 /* Main.storyboard in Resources */,
				C4A2FE0C28B7DC2E008BEA63 /* TitleCollectionViewCell.xib in Resources */,
				C4A2FE0B28B7DC29008BEA63 /* HomeViewController.xib in Resources */,
			);
			runOnlyForDeploymentPostprocessing = 0;
		};
/* End PBXResourcesBuildPhase section */

/* Begin PBXSourcesBuildPhase section */
		C4C6F89128AFD93F0084A7E0 /* Sources */ = {
			isa = PBXSourcesBuildPhase;
			buildActionMask = 2147483647;
			files = (
				C4D6520828B7B190005AE0E9 /* TitleTableViewCell.swift in Sources */,
				C42D5F1328B5EE97007BF2D0 /* CollectionViewTableViewCell.swift in Sources */,
				C40DA8C128B6630A0081B1D1 /* TitleCollectionViewCell.swift in Sources */,
				C40DA8C928B66CDC0081B1D1 /* Extension+UIView.swift in Sources */,
				C4CA93D928B753F100428227 /* YoutubeSearchResponse.swift in Sources */,
				C4CBDEA828B9008900D008D9 /* TitleCollectionViewCell.swift in Sources */,
				C4D0D89528B3369C0098CDDE /* MainTabBarViewController.swift in Sources */,
				C40DA8C528B6665D0081B1D1 /* HeroHeaderUIView.swift in Sources */,
				C4CBDEB028B9025B00D008D9 /* TitlePreViewModel.swift in Sources */,
				C42D5F0728B5C53F007BF2D0 /* SearchViewController.swift in Sources */,
				C4C6F89D28AFD93F0084A7E0 /* ViewController.swift in Sources */,
				C4C6F89928AFD93F0084A7E0 /* AppDelegate.swift in Sources */,
				C40DA8BE28B661540081B1D1 /* ViewModels.swift in Sources */,
				C4A53B0028BE40200019ABEF /* TItleItem+CoreDataProperties.swift in Sources */,
				C4A53AFC28BE3F7F0019ABEF /* NetflixMVVM.xcdatamodeld in Sources */,
				C4CA93D728B7539700428227 /* Title.swift in Sources */,
				C42D5F0B28B5C54F007BF2D0 /* DownloadsViewController.swift in Sources */,
				C4CA93D028B7374500428227 /* Models.swift in Sources */,
				C4A53AFF28BE40200019ABEF /* TItleItem+CoreDataClass.swift in Sources */,
				C4C6F89B28AFD93F0084A7E0 /* SceneDelegate.swift in Sources */,
				C42D5F1728B5F021007BF2D0 /* EnumList.swift in Sources */,
				C4CBDEAB28B9018700D008D9 /* SearchResultsViewController.swift in Sources */,
				C4CA93D528B7385E00428227 /* APICaller.swift in Sources */,
				C4CBDEAD28B901B400D008D9 /* TitlePreviewViewController.swift in Sources */,
				C4CBDEA628B8F5D200D008D9 /* DatePersistenceManager.swift in Sources */,
				C42D5F0028B5C511007BF2D0 /* UpcomingViewController.swift in Sources */,
				C42D5EFB28B5C329007BF2D0 /* HomeViewController.swift in Sources */,
			);
			runOnlyForDeploymentPostprocessing = 0;
		};
/* End PBXSourcesBuildPhase section */

/* Begin PBXVariantGroup section */
		C4C6F89E28AFD93F0084A7E0 /* Main.storyboard */ = {
			isa = PBXVariantGroup;
			children = (
				C4C6F89F28AFD93F0084A7E0 /* Base */,
			);
			name = Main.storyboard;
			sourceTree = "<group>";
		};
		C4C6F8A628AFD9420084A7E0 /* LaunchScreen.storyboard */ = {
			isa = PBXVariantGroup;
			children = (
				C4C6F8A728AFD9420084A7E0 /* Base */,
			);
			name = LaunchScreen.storyboard;
			sourceTree = "<group>";
		};
/* End PBXVariantGroup section */

/* Begin XCBuildConfiguration section */
		C4C6F8AA28AFD9420084A7E0 /* Debug */ = {
			isa = XCBuildConfiguration;
			buildSettings = {
				ALWAYS_SEARCH_USER_PATHS = NO;
				CLANG_ANALYZER_NONNULL = YES;
				CLANG_ANALYZER_NUMBER_OBJECT_CONVERSION = YES_AGGRESSIVE;
				CLANG_CXX_LANGUAGE_STANDARD = "gnu++17";
				CLANG_CXX_LIBRARY = "libc++";
				CLANG_ENABLE_MODULES = YES;
				CLANG_ENABLE_OBJC_ARC = YES;
				CLANG_ENABLE_OBJC_WEAK = YES;
				CLANG_WARN_BLOCK_CAPTURE_AUTORELEASING = YES;
				CLANG_WARN_BOOL_CONVERSION = YES;
				CLANG_WARN_COMMA = YES;
				CLANG_WARN_CONSTANT_CONVERSION = YES;
				CLANG_WARN_DEPRECATED_OBJC_IMPLEMENTATIONS = YES;
				CLANG_WARN_DIRECT_OBJC_ISA_USAGE = YES_ERROR;
				CLANG_WARN_DOCUMENTATION_COMMENTS = YES;
				CLANG_WARN_EMPTY_BODY = YES;
				CLANG_WARN_ENUM_CONVERSION = YES;
				CLANG_WARN_INFINITE_RECURSION = YES;
				CLANG_WARN_INT_CONVERSION = YES;
				CLANG_WARN_NON_LITERAL_NULL_CONVERSION = YES;
				CLANG_WARN_OBJC_IMPLICIT_RETAIN_SELF = YES;
				CLANG_WARN_OBJC_LITERAL_CONVERSION = YES;
				CLANG_WARN_OBJC_ROOT_CLASS = YES_ERROR;
				CLANG_WARN_QUOTED_INCLUDE_IN_FRAMEWORK_HEADER = YES;
				CLANG_WARN_RANGE_LOOP_ANALYSIS = YES;
				CLANG_WARN_STRICT_PROTOTYPES = YES;
				CLANG_WARN_SUSPICIOUS_MOVE = YES;
				CLANG_WARN_UNGUARDED_AVAILABILITY = YES_AGGRESSIVE;
				CLANG_WARN_UNREACHABLE_CODE = YES;
				CLANG_WARN__DUPLICATE_METHOD_MATCH = YES;
				COPY_PHASE_STRIP = NO;
				DEBUG_INFORMATION_FORMAT = dwarf;
				ENABLE_STRICT_OBJC_MSGSEND = YES;
				ENABLE_TESTABILITY = YES;
				GCC_C_LANGUAGE_STANDARD = gnu11;
				GCC_DYNAMIC_NO_PIC = NO;
				GCC_NO_COMMON_BLOCKS = YES;
				GCC_OPTIMIZATION_LEVEL = 0;
				GCC_PREPROCESSOR_DEFINITIONS = (
					"DEBUG=1",
					"$(inherited)",
				);
				GCC_WARN_64_TO_32_BIT_CONVERSION = YES;
				GCC_WARN_ABOUT_RETURN_TYPE = YES_ERROR;
				GCC_WARN_UNDECLARED_SELECTOR = YES;
				GCC_WARN_UNINITIALIZED_AUTOS = YES_AGGRESSIVE;
				GCC_WARN_UNUSED_FUNCTION = YES;
				GCC_WARN_UNUSED_VARIABLE = YES;
				IPHONEOS_DEPLOYMENT_TARGET = 15.0;
				MTL_ENABLE_DEBUG_INFO = INCLUDE_SOURCE;
				MTL_FAST_MATH = YES;
				ONLY_ACTIVE_ARCH = YES;
				SDKROOT = iphoneos;
				SWIFT_ACTIVE_COMPILATION_CONDITIONS = DEBUG;
				SWIFT_OPTIMIZATION_LEVEL = "-Onone";
			};
			name = Debug;
		};
		C4C6F8AB28AFD9420084A7E0 /* Release */ = {
			isa = XCBuildConfiguration;
			buildSettings = {
				ALWAYS_SEARCH_USER_PATHS = NO;
				CLANG_ANALYZER_NONNULL = YES;
				CLANG_ANALYZER_NUMBER_OBJECT_CONVERSION = YES_AGGRESSIVE;
				CLANG_CXX_LANGUAGE_STANDARD = "gnu++17";
				CLANG_CXX_LIBRARY = "libc++";
				CLANG_ENABLE_MODULES = YES;
				CLANG_ENABLE_OBJC_ARC = YES;
				CLANG_ENABLE_OBJC_WEAK = YES;
				CLANG_WARN_BLOCK_CAPTURE_AUTORELEASING = YES;
				CLANG_WARN_BOOL_CONVERSION = YES;
				CLANG_WARN_COMMA = YES;
				CLANG_WARN_CONSTANT_CONVERSION = YES;
				CLANG_WARN_DEPRECATED_OBJC_IMPLEMENTATIONS = YES;
				CLANG_WARN_DIRECT_OBJC_ISA_USAGE = YES_ERROR;
				CLANG_WARN_DOCUMENTATION_COMMENTS = YES;
				CLANG_WARN_EMPTY_BODY = YES;
				CLANG_WARN_ENUM_CONVERSION = YES;
				CLANG_WARN_INFINITE_RECURSION = YES;
				CLANG_WARN_INT_CONVERSION = YES;
				CLANG_WARN_NON_LITERAL_NULL_CONVERSION = YES;
				CLANG_WARN_OBJC_IMPLICIT_RETAIN_SELF = YES;
				CLANG_WARN_OBJC_LITERAL_CONVERSION = YES;
				CLANG_WARN_OBJC_ROOT_CLASS = YES_ERROR;
				CLANG_WARN_QUOTED_INCLUDE_IN_FRAMEWORK_HEADER = YES;
				CLANG_WARN_RANGE_LOOP_ANALYSIS = YES;
				CLANG_WARN_STRICT_PROTOTYPES = YES;
				CLANG_WARN_SUSPICIOUS_MOVE = YES;
				CLANG_WARN_UNGUARDED_AVAILABILITY = YES_AGGRESSIVE;
				CLANG_WARN_UNREACHABLE_CODE = YES;
				CLANG_WARN__DUPLICATE_METHOD_MATCH = YES;
				COPY_PHASE_STRIP = NO;
				DEBUG_INFORMATION_FORMAT = "dwarf-with-dsym";
				ENABLE_NS_ASSERTIONS = NO;
				ENABLE_STRICT_OBJC_MSGSEND = YES;
				GCC_C_LANGUAGE_STANDARD = gnu11;
				GCC_NO_COMMON_BLOCKS = YES;
				GCC_WARN_64_TO_32_BIT_CONVERSION = YES;
				GCC_WARN_ABOUT_RETURN_TYPE = YES_ERROR;
				GCC_WARN_UNDECLARED_SELECTOR = YES;
				GCC_WARN_UNINITIALIZED_AUTOS = YES_AGGRESSIVE;
				GCC_WARN_UNUSED_FUNCTION = YES;
				GCC_WARN_UNUSED_VARIABLE = YES;
				IPHONEOS_DEPLOYMENT_TARGET = 15.0;
				MTL_ENABLE_DEBUG_INFO = NO;
				MTL_FAST_MATH = YES;
				SDKROOT = iphoneos;
				SWIFT_COMPILATION_MODE = wholemodule;
				SWIFT_OPTIMIZATION_LEVEL = "-O";
				VALIDATE_PRODUCT = YES;
			};
			name = Release;
		};
		C4C6F8AD28AFD9420084A7E0 /* Debug */ = {
			isa = XCBuildConfiguration;
			buildSettings = {
				ASSETCATALOG_COMPILER_APPICON_NAME = AppIcon;
				ASSETCATALOG_COMPILER_GLOBAL_ACCENT_COLOR_NAME = AccentColor;
				CODE_SIGN_STYLE = Automatic;
				CURRENT_PROJECT_VERSION = 1;
				DEVELOPMENT_TEAM = HP77R9PHEA;
				GENERATE_INFOPLIST_FILE = YES;
				INFOPLIST_FILE = NetflixMVVM/Info.plist;
				INFOPLIST_KEY_UIApplicationSupportsIndirectInputEvents = YES;
				INFOPLIST_KEY_UILaunchStoryboardName = LaunchScreen;
				INFOPLIST_KEY_UIMainStoryboardFile = Main;
				INFOPLIST_KEY_UISupportedInterfaceOrientations_iPad = "UIInterfaceOrientationPortrait UIInterfaceOrientationPortraitUpsideDown UIInterfaceOrientationLandscapeLeft UIInterfaceOrientationLandscapeRight";
				INFOPLIST_KEY_UISupportedInterfaceOrientations_iPhone = "UIInterfaceOrientationPortrait UIInterfaceOrientationLandscapeLeft UIInterfaceOrientationLandscapeRight";
				LD_RUNPATH_SEARCH_PATHS = (
					"$(inherited)",
					"@executable_path/Frameworks",
				);
				MARKETING_VERSION = 1.0;
				PRODUCT_BUNDLE_IDENTIFIER = com.jeriPm.NetflixMVVM;
				PRODUCT_NAME = "$(TARGET_NAME)";
				SWIFT_EMIT_LOC_STRINGS = YES;
				SWIFT_VERSION = 5.0;
				TARGETED_DEVICE_FAMILY = 1;
			};
			name = Debug;
		};
		C4C6F8AE28AFD9420084A7E0 /* Release */ = {
			isa = XCBuildConfiguration;
			buildSettings = {
				ASSETCATALOG_COMPILER_APPICON_NAME = AppIcon;
				ASSETCATALOG_COMPILER_GLOBAL_ACCENT_COLOR_NAME = AccentColor;
				CODE_SIGN_STYLE = Automatic;
				CURRENT_PROJECT_VERSION = 1;
				DEVELOPMENT_TEAM = HP77R9PHEA;
				GENERATE_INFOPLIST_FILE = YES;
				INFOPLIST_FILE = NetflixMVVM/Info.plist;
				INFOPLIST_KEY_UIApplicationSupportsIndirectInputEvents = YES;
				INFOPLIST_KEY_UILaunchStoryboardName = LaunchScreen;
				INFOPLIST_KEY_UIMainStoryboardFile = Main;
				INFOPLIST_KEY_UISupportedInterfaceOrientations_iPad = "UIInterfaceOrientationPortrait UIInterfaceOrientationPortraitUpsideDown UIInterfaceOrientationLandscapeLeft UIInterfaceOrientationLandscapeRight";
				INFOPLIST_KEY_UISupportedInterfaceOrientations_iPhone = "UIInterfaceOrientationPortrait UIInterfaceOrientationLandscapeLeft UIInterfaceOrientationLandscapeRight";
				LD_RUNPATH_SEARCH_PATHS = (
					"$(inherited)",
					"@executable_path/Frameworks",
				);
				MARKETING_VERSION = 1.0;
				PRODUCT_BUNDLE_IDENTIFIER = com.jeriPm.NetflixMVVM;
				PRODUCT_NAME = "$(TARGET_NAME)";
				SWIFT_EMIT_LOC_STRINGS = YES;
				SWIFT_VERSION = 5.0;
				TARGETED_DEVICE_FAMILY = 1;
			};
			name = Release;
		};
/* End XCBuildConfiguration section */

/* Begin XCConfigurationList section */
		C4C6F89028AFD93F0084A7E0 /* Build configuration list for PBXProject "NetflixMVVM" */ = {
			isa = XCConfigurationList;
			buildConfigurations = (
				C4C6F8AA28AFD9420084A7E0 /* Debug */,
				C4C6F8AB28AFD9420084A7E0 /* Release */,
			);
			defaultConfigurationIsVisible = 0;
			defaultConfigurationName = Release;
		};
		C4C6F8AC28AFD9420084A7E0 /* Build configuration list for PBXNativeTarget "NetflixMVVM" */ = {
			isa = XCConfigurationList;
			buildConfigurations = (
				C4C6F8AD28AFD9420084A7E0 /* Debug */,
				C4C6F8AE28AFD9420084A7E0 /* Release */,
			);
			defaultConfigurationIsVisible = 0;
			defaultConfigurationName = Release;
		};
/* End XCConfigurationList section */

/* Begin XCRemoteSwiftPackageReference section */
		C4CA93CA28B736D200428227 /* XCRemoteSwiftPackageReference "SDWebImage" */ = {
			isa = XCRemoteSwiftPackageReference;
			repositoryURL = "https://github.com/SDWebImage/SDWebImage.git";
			requirement = {
				branch = master;
				kind = branch;
			};
		};
/* End XCRemoteSwiftPackageReference section */

/* Begin XCSwiftPackageProductDependency section */
		C4CA93CB28B736D200428227 /* SDWebImage */ = {
			isa = XCSwiftPackageProductDependency;
			package = C4CA93CA28B736D200428227 /* XCRemoteSwiftPackageReference "SDWebImage" */;
			productName = SDWebImage;
		};
		C4CA93CD28B736D200428227 /* SDWebImageMapKit */ = {
			isa = XCSwiftPackageProductDependency;
			package = C4CA93CA28B736D200428227 /* XCRemoteSwiftPackageReference "SDWebImage" */;
			productName = SDWebImageMapKit;
		};
/* End XCSwiftPackageProductDependency section */

/* Begin XCVersionGroup section */
		C4A53AFA28BE3F7F0019ABEF /* NetflixMVVM.xcdatamodeld */ = {
			isa = XCVersionGroup;
			children = (
				C4A53AFB28BE3F7F0019ABEF /* NetflixMVVM.xcdatamodel */,
			);
			currentVersion = C4A53AFB28BE3F7F0019ABEF /* NetflixMVVM.xcdatamodel */;
			path = NetflixMVVM.xcdatamodeld;
			sourceTree = "<group>";
			versionGroupType = wrapper.xcdatamodel;
		};
/* End XCVersionGroup section */
	};
	rootObject = C4C6F88D28AFD93F0084A7E0 /* Project object */;
}
